
Microsoft Visual Studio Solution File, Format Version 12.00
# Visual Studio Version 17
VisualStudioVersion = 17.7.34018.315
MinimumVisualStudioVersion = 10.0.40219.1
Project("{FAE04EC0-301F-11D3-BF4B-00C04F79EFBC}") = "c-sharp-first-project", "c-sharp-first-project\c-sharp-first-project.csproj", "{7FB3D5E6-0CC2-4B2C-9684-5D525E73D6A3}"
EndProject
Global
	GlobalSection(SolutionConfigurationPlatforms) = preSolution
		Debug|Any CPU = Debug|Any CPU
		Release|Any CPU = Release|Any CPU
	EndGlobalSection
	GlobalSection(ProjectConfigurationPlatforms) = postSolution
		{7FB3D5E6-0CC2-4B2C-9684-5D525E73D6A3}.Debug|Any CPU.ActiveCfg = Debug|Any CPU
		{7FB3D5E6-0CC2-4B2C-9684-5D525E73D6A3}.Debug|Any CPU.Build.0 = Debug|Any CPU
		{7FB3D5E6-0CC2-4B2C-9684-5D525E73D6A3}.Release|Any CPU.ActiveCfg = Release|Any CPU
		{7FB3D5E6-0CC2-4B2C-9684-5D525E73D6A3}.Release|Any CPU.Build.0 = Release|Any CPU
	EndGlobalSection
	GlobalSection(SolutionProperties) = preSolution
		HideSolutionNode = FALSE
	EndGlobalSection
	GlobalSection(ExtensibilityGlobals) = postSolution
		SolutionGuid = {F0A22C5D-581B-4FED-9401-7435A58C147C}
	EndGlobalSection
EndGlobal
