
Microsoft Visual Studio Solution File, Format Version 12.00
# Visual Studio Version 17
VisualStudioVersion = 17.7.34018.315
MinimumVisualStudioVersion = 10.0.40219.1
Project("{FAE04EC0-301F-11D3-BF4B-00C04F79EFBC}") = "Private-methods-day-3", "Private-methods-day-3\Private-methods-day-3.csproj", "{A8CAF302-2E1A-457C-A499-5B5AE93A25BF}"
EndProject
Global
	GlobalSection(SolutionConfigurationPlatforms) = preSolution
		Debug|Any CPU = Debug|Any CPU
		Release|Any CPU = Release|Any CPU
	EndGlobalSection
	GlobalSection(ProjectConfigurationPlatforms) = postSolution
		{A8CAF302-2E1A-457C-A499-5B5AE93A25BF}.Debug|Any CPU.ActiveCfg = Debug|Any CPU
		{A8CAF302-2E1A-457C-A499-5B5AE93A25BF}.Debug|Any CPU.Build.0 = Debug|Any CPU
		{A8CAF302-2E1A-457C-A499-5B5AE93A25BF}.Release|Any CPU.ActiveCfg = Release|Any CPU
		{A8CAF302-2E1A-457C-A499-5B5AE93A25BF}.Release|Any CPU.Build.0 = Release|Any CPU
	EndGlobalSection
	GlobalSection(SolutionProperties) = preSolution
		HideSolutionNode = FALSE
	EndGlobalSection
	GlobalSection(ExtensibilityGlobals) = postSolution
		SolutionGuid = {4DE2D6E5-B52D-4C7E-8F69-4AFF3A4DDA1A}
	EndGlobalSection
EndGlobal
