
Microsoft Visual Studio Solution File, Format Version 12.00
# Visual Studio Version 17
VisualStudioVersion = 17.7.34018.315
MinimumVisualStudioVersion = 10.0.40219.1
Project("{FAE04EC0-301F-11D3-BF4B-00C04F79EFBC}") = "Array-day-3", "Array-day-3\Array-day-3.csproj", "{6F1325CB-599D-40B2-9DA6-FBB9D676F1C5}"
EndProject
Global
	GlobalSection(SolutionConfigurationPlatforms) = preSolution
		Debug|Any CPU = Debug|Any CPU
		Release|Any CPU = Release|Any CPU
	EndGlobalSection
	GlobalSection(ProjectConfigurationPlatforms) = postSolution
		{6F1325CB-599D-40B2-9DA6-FBB9D676F1C5}.Debug|Any CPU.ActiveCfg = Debug|Any CPU
		{6F1325CB-599D-40B2-9DA6-FBB9D676F1C5}.Debug|Any CPU.Build.0 = Debug|Any CPU
		{6F1325CB-599D-40B2-9DA6-FBB9D676F1C5}.Release|Any CPU.ActiveCfg = Release|Any CPU
		{6F1325CB-599D-40B2-9DA6-FBB9D676F1C5}.Release|Any CPU.Build.0 = Release|Any CPU
	EndGlobalSection
	GlobalSection(SolutionProperties) = preSolution
		HideSolutionNode = FALSE
	EndGlobalSection
	GlobalSection(ExtensibilityGlobals) = postSolution
		SolutionGuid = {63C74F30-6CB6-45A1-B663-71E67314DD98}
	EndGlobalSection
EndGlobal
